google.golang.org/genproto v0.0.0-20250818200422-3122310a409c h1:ZERoum3uuqL0PRSc6SXielu26FN96T4BUGaaW0oL+c8=
google.golang.org/genproto v0.0.0-20250818200422-3122310a409c/go.mod h1:Q8kep885BJnK3Jt6QZXIFeLHSzoAQtlI1CCloQigiyU=
google.golang.org/protobuf v1.36.8 h1:xHScyCOEuuwZEc6UtSOvPbAT4zRh0xcNRYekJwfqyMc=
google.golang.org/protobuf v1.36.8/go.mod h1:fuxRtAxBytpl4zzqUh6/eyUujkJdNiuEkXntxiD/uRU=
